// !$*UTF8*$!
{
	archiveVersion = 1;
	classes = {
	};
	objectVersion = 56;
	objects = {

/* Begin PBXBuildFile section */
		4B9206D72B840C770004D7EF /* swift_FirebaseBootcampApp.swift in Sources */ = {isa = PBXBuildFile; fileRef = 4B9206D62B840C770004D7EF /* swift_FirebaseBootcampApp.swift */; };
		4B9206D92B840C770004D7EF /* ContentView.swift in Sources */ = {isa = PBXBuildFile; fileRef = 4B9206D82B840C770004D7EF /* ContentView.swift */; };
		4B9206DB2B840C780004D7EF /* Assets.xcassets in Resources */ = {isa = PBXBuildFile; fileRef = 4B9206DA2B840C780004D7EF /* Assets.xcassets */; };
		4B9206DE2B840C780004D7EF /* Preview Assets.xcassets in Resources */ = {isa = PBXBuildFile; fileRef = 4B9206DD2B840C780004D7EF /* Preview Assets.xcassets */; };
		4B9206E52B840D980004D7EF /* GoogleService-Info.plist in Resources */ = {isa = PBXBuildFile; fileRef = 4B9206E42B840D980004D7EF /* GoogleService-Info.plist */; };
		4B9206E82B8410C00004D7EF /* FirebaseAnalytics in Frameworks */ = {isa = PBXBuildFile; productRef = 4B9206E72B8410C00004D7EF /* FirebaseAnalytics */; };
		4B9206EA2B8410C00004D7EF /* FirebaseAnalyticsOnDeviceConversion in Frameworks */ = {isa = PBXBuildFile; productRef = 4B9206E92B8410C00004D7EF /* FirebaseAnalyticsOnDeviceConversion */; };
		4B9206EC2B8410C00004D7EF /* FirebaseAnalyticsSwift in Frameworks */ = {isa = PBXBuildFile; productRef = 4B9206EB2B8410C00004D7EF /* FirebaseAnalyticsSwift */; };
		4B9206EE2B8410C00004D7EF /* FirebaseAnalyticsWithoutAdIdSupport in Frameworks */ = {isa = PBXBuildFile; productRef = 4B9206ED2B8410C00004D7EF /* FirebaseAnalyticsWithoutAdIdSupport */; };
		4B9206F02B8410C00004D7EF /* FirebaseAppCheck in Frameworks */ = {isa = PBXBuildFile; productRef = 4B9206EF2B8410C00004D7EF /* FirebaseAppCheck */; };
		4B9206F22B8410C00004D7EF /* FirebaseAppDistribution-Beta in Frameworks */ = {isa = PBXBuildFile; productRef = 4B9206F12B8410C00004D7EF /* FirebaseAppDistribution-Beta */; };
		4B9206F42B8410C00004D7EF /* FirebaseAuth in Frameworks */ = {isa = PBXBuildFile; productRef = 4B9206F32B8410C00004D7EF /* FirebaseAuth */; };
		4B9206F62B8410C00004D7EF /* FirebaseAuthCombine-Community in Frameworks */ = {isa = PBXBuildFile; productRef = 4B9206F52B8410C00004D7EF /* FirebaseAuthCombine-Community */; };
		4B9206F82B8410C00004D7EF /* FirebaseCrashlytics in Frameworks */ = {isa = PBXBuildFile; productRef = 4B9206F72B8410C00004D7EF /* FirebaseCrashlytics */; };
		4B9206FA2B8410C00004D7EF /* FirebaseDatabase in Frameworks */ = {isa = PBXBuildFile; productRef = 4B9206F92B8410C00004D7EF /* FirebaseDatabase */; };
		4B9206FC2B8410C00004D7EF /* FirebaseDatabaseSwift in Frameworks */ = {isa = PBXBuildFile; productRef = 4B9206FB2B8410C00004D7EF /* FirebaseDatabaseSwift */; };
		4B9206FE2B8410C00004D7EF /* FirebaseDynamicLinks in Frameworks */ = {isa = PBXBuildFile; productRef = 4B9206FD2B8410C00004D7EF /* FirebaseDynamicLinks */; };
		4B9207002B8410C00004D7EF /* FirebaseFirestore in Frameworks */ = {isa = PBXBuildFile; productRef = 4B9206FF2B8410C00004D7EF /* FirebaseFirestore */; };
		4B9207022B8410C00004D7EF /* FirebaseFirestoreCombine-Community in Frameworks */ = {isa = PBXBuildFile; productRef = 4B9207012B8410C00004D7EF /* FirebaseFirestoreCombine-Community */; };
		4B9207042B8410C00004D7EF /* FirebaseFirestoreSwift in Frameworks */ = {isa = PBXBuildFile; productRef = 4B9207032B8410C00004D7EF /* FirebaseFirestoreSwift */; };
		4B9207062B8410C00004D7EF /* FirebaseFunctions in Frameworks */ = {isa = PBXBuildFile; productRef = 4B9207052B8410C00004D7EF /* FirebaseFunctions */; };
		4B9207082B8410C00004D7EF /* FirebaseFunctionsCombine-Community in Frameworks */ = {isa = PBXBuildFile; productRef = 4B9207072B8410C00004D7EF /* FirebaseFunctionsCombine-Community */; };
		4B92070A2B8410C00004D7EF /* FirebaseInAppMessaging-Beta in Frameworks */ = {isa = PBXBuildFile; productRef = 4B9207092B8410C00004D7EF /* FirebaseInAppMessaging-Beta */; };
		4B92070C2B8410C00004D7EF /* FirebaseInAppMessagingSwift-Beta in Frameworks */ = {isa = PBXBuildFile; productRef = 4B92070B2B8410C00004D7EF /* FirebaseInAppMessagingSwift-Beta */; };
		4B92070E2B8410C00004D7EF /* FirebaseInstallations in Frameworks */ = {isa = PBXBuildFile; productRef = 4B92070D2B8410C00004D7EF /* FirebaseInstallations */; };
		4B9207102B8410C00004D7EF /* FirebaseMLModelDownloader in Frameworks */ = {isa = PBXBuildFile; productRef = 4B92070F2B8410C00004D7EF /* FirebaseMLModelDownloader */; };
		4B9207122B8410C00004D7EF /* FirebaseMessaging in Frameworks */ = {isa = PBXBuildFile; productRef = 4B9207112B8410C00004D7EF /* FirebaseMessaging */; };
		4B9207142B8410C00004D7EF /* FirebasePerformance in Frameworks */ = {isa = PBXBuildFile; productRef = 4B9207132B8410C00004D7EF /* FirebasePerformance */; };
		4B9207162B8410C00004D7EF /* FirebaseRemoteConfig in Frameworks */ = {isa = PBXBuildFile; productRef = 4B9207152B8410C00004D7EF /* FirebaseRemoteConfig */; };
		4B9207182B8410C00004D7EF /* FirebaseRemoteConfigSwift in Frameworks */ = {isa = PBXBuildFile; productRef = 4B9207172B8410C00004D7EF /* FirebaseRemoteConfigSwift */; };
		4B92071A2B8410C00004D7EF /* FirebaseStorage in Frameworks */ = {isa = PBXBuildFile; productRef = 4B9207192B8410C00004D7EF /* FirebaseStorage */; };
		4B92071C2B8410C00004D7EF /* FirebaseStorageCombine-Community in Frameworks */ = {isa = PBXBuildFile; productRef = 4B92071B2B8410C00004D7EF /* FirebaseStorageCombine-Community */; };
/* End PBXBuildFile section */

/* Begin PBXFileReference section */
		4B9206D32B840C770004D7EF /* swift+FirebaseBootcamp.app */ = {isa = PBXFileReference; explicitFileType = wrapper.application; includeInIndex = 0; path = "swift+FirebaseBootcamp.app"; sourceTree = BUILT_PRODUCTS_DIR; };
		4B9206D62B840C770004D7EF /* swift_FirebaseBootcampApp.swift */ = {isa = PBXFileReference; lastKnownFileType = sourcecode.swift; path = swift_FirebaseBootcampApp.swift; sourceTree = "<group>"; };
		4B9206D82B840C770004D7EF /* ContentView.swift */ = {isa = PBXFileReference; lastKnownFileType = sourcecode.swift; path = ContentView.swift; sourceTree = "<group>"; };
		4B9206DA2B840C780004D7EF /* Assets.xcassets */ = {isa = PBXFileReference; lastKnownFileType = folder.assetcatalog; path = Assets.xcassets; sourceTree = "<group>"; };
		4B9206DD2B840C780004D7EF /* Preview Assets.xcassets */ = {isa = PBXFileReference; lastKnownFileType = folder.assetcatalog; path = "Preview Assets.xcassets"; sourceTree = "<group>"; };
		4B9206E42B840D980004D7EF /* GoogleService-Info.plist */ = {isa = PBXFileReference; fileEncoding = 4; lastKnownFileType = text.plist.xml; path = "GoogleService-Info.plist"; sourceTree = "<group>"; };
/* End PBXFileReference section */

/* Begin PBXFrameworksBuildPhase section */
		4B9206D02B840C770004D7EF /* Frameworks */ = {
			isa = PBXFrameworksBuildPhase;
			buildActionMask = 2147483647;
			files = (
				4B9206FA2B8410C00004D7EF /* FirebaseDatabase in Frameworks */,
				4B9207082B8410C00004D7EF /* FirebaseFunctionsCombine-Community in Frameworks */,
				4B9207002B8410C00004D7EF /* FirebaseFirestore in Frameworks */,
				4B9206EC2B8410C00004D7EF /* FirebaseAnalyticsSwift in Frameworks */,
				4B9206E82B8410C00004D7EF /* FirebaseAnalytics in Frameworks */,
				4B9206EA2B8410C00004D7EF /* FirebaseAnalyticsOnDeviceConversion in Frameworks */,
				4B9207102B8410C00004D7EF /* FirebaseMLModelDownloader in Frameworks */,
				4B9207042B8410C00004D7EF /* FirebaseFirestoreSwift in Frameworks */,
				4B9206F02B8410C00004D7EF /* FirebaseAppCheck in Frameworks */,
				4B9206EE2B8410C00004D7EF /* FirebaseAnalyticsWithoutAdIdSupport in Frameworks */,
				4B9206F42B8410C00004D7EF /* FirebaseAuth in Frameworks */,
				4B9206F82B8410C00004D7EF /* FirebaseCrashlytics in Frameworks */,
				4B9207182B8410C00004D7EF /* FirebaseRemoteConfigSwift in Frameworks */,
				4B92070A2B8410C00004D7EF /* FirebaseInAppMessaging-Beta in Frameworks */,
				4B9206FC2B8410C00004D7EF /* FirebaseDatabaseSwift in Frameworks */,
				4B9207062B8410C00004D7EF /* FirebaseFunctions in Frameworks */,
				4B92071C2B8410C00004D7EF /* FirebaseStorageCombine-Community in Frameworks */,
				4B9207162B8410C00004D7EF /* FirebaseRemoteConfig in Frameworks */,
				4B9206F22B8410C00004D7EF /* FirebaseAppDistribution-Beta in Frameworks */,
				4B9206F62B8410C00004D7EF /* FirebaseAuthCombine-Community in Frameworks */,
				4B9207142B8410C00004D7EF /* FirebasePerformance in Frameworks */,
				4B92070C2B8410C00004D7EF /* FirebaseInAppMessagingSwift-Beta in Frameworks */,
				4B92071A2B8410C00004D7EF /* FirebaseStorage in Frameworks */,
				4B9206FE2B8410C00004D7EF /* FirebaseDynamicLinks in Frameworks */,
				4B9207022B8410C00004D7EF /* FirebaseFirestoreCombine-Community in Frameworks */,
				4B9207122B8410C00004D7EF /* FirebaseMessaging in Frameworks */,
				4B92070E2B8410C00004D7EF /* FirebaseInstallations in Frameworks */,
			);
			runOnlyForDeploymentPostprocessing = 0;
		};
/* End PBXFrameworksBuildPhase section */

/* Begin PBXGroup section */
		4B9206CA2B840C770004D7EF = {
			isa = PBXGroup;
			children = (
				4B9206D52B840C770004D7EF /* swift+FirebaseBootcamp */,
				4B9206D42B840C770004D7EF /* Products */,
			);
			sourceTree = "<group>";
		};
		4B9206D42B840C770004D7EF /* Products */ = {
			isa = PBXGroup;
			children = (
				4B9206D32B840C770004D7EF /* swift+FirebaseBootcamp.app */,
			);
			name = Products;
			sourceTree = "<group>";
		};
		4B9206D52B840C770004D7EF /* swift+FirebaseBootcamp */ = {
			isa = PBXGroup;
			children = (
				4B9206D62B840C770004D7EF /* swift_FirebaseBootcampApp.swift */,
				4B9206D82B840C770004D7EF /* ContentView.swift */,
				4B9206DA2B840C780004D7EF /* Assets.xcassets */,
				4B9206E42B840D980004D7EF /* GoogleService-Info.plist */,
				4B9206DC2B840C780004D7EF /* Preview Content */,
			);
			path = "swift+FirebaseBootcamp";
			sourceTree = "<group>";
		};
		4B9206DC2B840C780004D7EF /* Preview Content */ = {
			isa = PBXGroup;
			children = (
				4B9206DD2B840C780004D7EF /* Preview Assets.xcassets */,
			);
			path = "Preview Content";
			sourceTree = "<group>";
		};
/* End PBXGroup section */

/* Begin PBXNativeTarget section */
		4B9206D22B840C770004D7EF /* swift+FirebaseBootcamp */ = {
			isa = PBXNativeTarget;
			buildConfigurationList = 4B9206E12B840C780004D7EF /* Build configuration list for PBXNativeTarget "swift+FirebaseBootcamp" */;
			buildPhases = (
				4B9206CF2B840C770004D7EF /* Sources */,
				4B9206D02B840C770004D7EF /* Frameworks */,
				4B9206D12B840C770004D7EF /* Resources */,
			);
			buildRules = (
			);
			dependencies = (
			);
			name = "swift+FirebaseBootcamp";
			packageProductDependencies = (
				4B9206E72B8410C00004D7EF /* FirebaseAnalytics */,
				4B9206E92B8410C00004D7EF /* FirebaseAnalyticsOnDeviceConversion */,
				4B9206EB2B8410C00004D7EF /* FirebaseAnalyticsSwift */,
				4B9206ED2B8410C00004D7EF /* FirebaseAnalyticsWithoutAdIdSupport */,
				4B9206EF2B8410C00004D7EF /* FirebaseAppCheck */,
				4B9206F12B8410C00004D7EF /* FirebaseAppDistribution-Beta */,
				4B9206F32B8410C00004D7EF /* FirebaseAuth */,
				4B9206F52B8410C00004D7EF /* FirebaseAuthCombine-Community */,
				4B9206F72B8410C00004D7EF /* FirebaseCrashlytics */,
				4B9206F92B8410C00004D7EF /* FirebaseDatabase */,
				4B9206FB2B8410C00004D7EF /* FirebaseDatabaseSwift */,
				4B9206FD2B8410C00004D7EF /* FirebaseDynamicLinks */,
				4B9206FF2B8410C00004D7EF /* FirebaseFirestore */,
				4B9207012B8410C00004D7EF /* FirebaseFirestoreCombine-Community */,
				4B9207032B8410C00004D7EF /* FirebaseFirestoreSwift */,
				4B9207052B8410C00004D7EF /* FirebaseFunctions */,
				4B9207072B8410C00004D7EF /* FirebaseFunctionsCombine-Community */,
				4B9207092B8410C00004D7EF /* FirebaseInAppMessaging-Beta */,
				4B92070B2B8410C00004D7EF /* FirebaseInAppMessagingSwift-Beta */,
				4B92070D2B8410C00004D7EF /* FirebaseInstallations */,
				4B92070F2B8410C00004D7EF /* FirebaseMLModelDownloader */,
				4B9207112B8410C00004D7EF /* FirebaseMessaging */,
				4B9207132B8410C00004D7EF /* FirebasePerformance */,
				4B9207152B8410C00004D7EF /* FirebaseRemoteConfig */,
				4B9207172B8410C00004D7EF /* FirebaseRemoteConfigSwift */,
				4B9207192B8410C00004D7EF /* FirebaseStorage */,
				4B92071B2B8410C00004D7EF /* FirebaseStorageCombine-Community */,
			);
			productName = "swift+FirebaseBootcamp";
			productReference = 4B9206D32B840C770004D7EF /* swift+FirebaseBootcamp.app */;
			productType = "com.apple.product-type.application";
		};
/* End PBXNativeTarget section */

/* Begin PBXProject section */
		4B9206CB2B840C770004D7EF /* Project object */ = {
			isa = PBXProject;
			attributes = {
				BuildIndependentTargetsInParallel = 1;
				LastSwiftUpdateCheck = 1520;
				LastUpgradeCheck = 1520;
				TargetAttributes = {
					4B9206D22B840C770004D7EF = {
						CreatedOnToolsVersion = 15.2;
					};
				};
			};
			buildConfigurationList = 4B9206CE2B840C770004D7EF /* Build configuration list for PBXProject "swift+FirebaseBootcamp" */;
			compatibilityVersion = "Xcode 14.0";
			developmentRegion = en;
			hasScannedForEncodings = 0;
			knownRegions = (
				en,
				Base,
			);
			mainGroup = 4B9206CA2B840C770004D7EF;
			packageReferences = (
				4B9206E62B8410C00004D7EF /* XCRemoteSwiftPackageReference "firebase-ios-sdk" */,
			);
			productRefGroup = 4B9206D42B840C770004D7EF /* Products */;
			projectDirPath = "";
			projectRoot = "";
			targets = (
				4B9206D22B840C770004D7EF /* swift+FirebaseBootcamp */,
			);
		};
/* End PBXProject section */

/* Begin PBXResourcesBuildPhase section */
		4B9206D12B840C770004D7EF /* Resources */ = {
			isa = PBXResourcesBuildPhase;
			buildActionMask = 2147483647;
			files = (
				4B9206DE2B840C780004D7EF /* Preview Assets.xcassets in Resources */,
				4B9206DB2B840C780004D7EF /* Assets.xcassets in Resources */,
				4B9206E52B840D980004D7EF /* GoogleService-Info.plist in Resources */,
			);
			runOnlyForDeploymentPostprocessing = 0;
		};
/* End PBXResourcesBuildPhase section */

/* Begin PBXSourcesBuildPhase section */
		4B9206CF2B840C770004D7EF /* Sources */ = {
			isa = PBXSourcesBuildPhase;
			buildActionMask = 2147483647;
			files = (
				4B9206D92B840C770004D7EF /* ContentView.swift in Sources */,
				4B9206D72B840C770004D7EF /* swift_FirebaseBootcampApp.swift in Sources */,
			);
			runOnlyForDeploymentPostprocessing = 0;
		};
/* End PBXSourcesBuildPhase section */

/* Begin XCBuildConfiguration section */
		4B9206DF2B840C780004D7EF /* Debug */ = {
			isa = XCBuildConfiguration;
			buildSettings = {
				ALWAYS_SEARCH_USER_PATHS = NO;
				ASSETCATALOG_COMPILER_GENERATE_SWIFT_ASSET_SYMBOL_EXTENSIONS = YES;
				CLANG_ANALYZER_NONNULL = YES;
				CLANG_ANALYZER_NUMBER_OBJECT_CONVERSION = YES_AGGRESSIVE;
				CLANG_CXX_LANGUAGE_STANDARD = "gnu++20";
				CLANG_ENABLE_MODULES = YES;
				CLANG_ENABLE_OBJC_ARC = YES;
				CLANG_ENABLE_OBJC_WEAK = YES;
				CLANG_WARN_BLOCK_CAPTURE_AUTORELEASING = YES;
				CLANG_WARN_BOOL_CONVERSION = YES;
				CLANG_WARN_COMMA = YES;
				CLANG_WARN_CONSTANT_CONVERSION = YES;
				CLANG_WARN_DEPRECATED_OBJC_IMPLEMENTATIONS = YES;
				CLANG_WARN_DIRECT_OBJC_ISA_USAGE = YES_ERROR;
				CLANG_WARN_DOCUMENTATION_COMMENTS = YES;
				CLANG_WARN_EMPTY_BODY = YES;
				CLANG_WARN_ENUM_CONVERSION = YES;
				CLANG_WARN_INFINITE_RECURSION = YES;
				CLANG_WARN_INT_CONVERSION = YES;
				CLANG_WARN_NON_LITERAL_NULL_CONVERSION = YES;
				CLANG_WARN_OBJC_IMPLICIT_RETAIN_SELF = YES;
				CLANG_WARN_OBJC_LITERAL_CONVERSION = YES;
				CLANG_WARN_OBJC_ROOT_CLASS = YES_ERROR;
				CLANG_WARN_QUOTED_INCLUDE_IN_FRAMEWORK_HEADER = YES;
				CLANG_WARN_RANGE_LOOP_ANALYSIS = YES;
				CLANG_WARN_STRICT_PROTOTYPES = YES;
				CLANG_WARN_SUSPICIOUS_MOVE = YES;
				CLANG_WARN_UNGUARDED_AVAILABILITY = YES_AGGRESSIVE;
				CLANG_WARN_UNREACHABLE_CODE = YES;
				CLANG_WARN__DUPLICATE_METHOD_MATCH = YES;
				COPY_PHASE_STRIP = NO;
				DEBUG_INFORMATION_FORMAT = dwarf;
				ENABLE_STRICT_OBJC_MSGSEND = YES;
				ENABLE_TESTABILITY = YES;
				ENABLE_USER_SCRIPT_SANDBOXING = YES;
				GCC_C_LANGUAGE_STANDARD = gnu17;
				GCC_DYNAMIC_NO_PIC = NO;
				GCC_NO_COMMON_BLOCKS = YES;
				GCC_OPTIMIZATION_LEVEL = 0;
				GCC_PREPROCESSOR_DEFINITIONS = (
					"DEBUG=1",
					"$(inherited)",
				);
				GCC_WARN_64_TO_32_BIT_CONVERSION = YES;
				GCC_WARN_ABOUT_RETURN_TYPE = YES_ERROR;
				GCC_WARN_UNDECLARED_SELECTOR = YES;
				GCC_WARN_UNINITIALIZED_AUTOS = YES_AGGRESSIVE;
				GCC_WARN_UNUSED_FUNCTION = YES;
				GCC_WARN_UNUSED_VARIABLE = YES;
				IPHONEOS_DEPLOYMENT_TARGET = 17.2;
				LOCALIZATION_PREFERS_STRING_CATALOGS = YES;
				MTL_ENABLE_DEBUG_INFO = INCLUDE_SOURCE;
				MTL_FAST_MATH = YES;
				ONLY_ACTIVE_ARCH = YES;
				SDKROOT = iphoneos;
				SWIFT_ACTIVE_COMPILATION_CONDITIONS = "DEBUG $(inherited)";
				SWIFT_OPTIMIZATION_LEVEL = "-Onone";
			};
			name = Debug;
		};
		4B9206E02B840C780004D7EF /* Release */ = {
			isa = XCBuildConfiguration;
			buildSettings = {
				ALWAYS_SEARCH_USER_PATHS = NO;
				ASSETCATALOG_COMPILER_GENERATE_SWIFT_ASSET_SYMBOL_EXTENSIONS = YES;
				CLANG_ANALYZER_NONNULL = YES;
				CLANG_ANALYZER_NUMBER_OBJECT_CONVERSION = YES_AGGRESSIVE;
				CLANG_CXX_LANGUAGE_STANDARD = "gnu++20";
				CLANG_ENABLE_MODULES = YES;
				CLANG_ENABLE_OBJC_ARC = YES;
				CLANG_ENABLE_OBJC_WEAK = YES;
				CLANG_WARN_BLOCK_CAPTURE_AUTORELEASING = YES;
				CLANG_WARN_BOOL_CONVERSION = YES;
				CLANG_WARN_COMMA = YES;
				CLANG_WARN_CONSTANT_CONVERSION = YES;
				CLANG_WARN_DEPRECATED_OBJC_IMPLEMENTATIONS = YES;
				CLANG_WARN_DIRECT_OBJC_ISA_USAGE = YES_ERROR;
				CLANG_WARN_DOCUMENTATION_COMMENTS = YES;
				CLANG_WARN_EMPTY_BODY = YES;
				CLANG_WARN_ENUM_CONVERSION = YES;
				CLANG_WARN_INFINITE_RECURSION = YES;
				CLANG_WARN_INT_CONVERSION = YES;
				CLANG_WARN_NON_LITERAL_NULL_CONVERSION = YES;
				CLANG_WARN_OBJC_IMPLICIT_RETAIN_SELF = YES;
				CLANG_WARN_OBJC_LITERAL_CONVERSION = YES;
				CLANG_WARN_OBJC_ROOT_CLASS = YES_ERROR;
				CLANG_WARN_QUOTED_INCLUDE_IN_FRAMEWORK_HEADER = YES;
				CLANG_WARN_RANGE_LOOP_ANALYSIS = YES;
				CLANG_WARN_STRICT_PROTOTYPES = YES;
				CLANG_WARN_SUSPICIOUS_MOVE = YES;
				CLANG_WARN_UNGUARDED_AVAILABILITY = YES_AGGRESSIVE;
				CLANG_WARN_UNREACHABLE_CODE = YES;
				CLANG_WARN__DUPLICATE_METHOD_MATCH = YES;
				COPY_PHASE_STRIP = NO;
				DEBUG_INFORMATION_FORMAT = "dwarf-with-dsym";
				ENABLE_NS_ASSERTIONS = NO;
				ENABLE_STRICT_OBJC_MSGSEND = YES;
				ENABLE_USER_SCRIPT_SANDBOXING = YES;
				GCC_C_LANGUAGE_STANDARD = gnu17;
				GCC_NO_COMMON_BLOCKS = YES;
				GCC_WARN_64_TO_32_BIT_CONVERSION = YES;
				GCC_WARN_ABOUT_RETURN_TYPE = YES_ERROR;
				GCC_WARN_UNDECLARED_SELECTOR = YES;
				GCC_WARN_UNINITIALIZED_AUTOS = YES_AGGRESSIVE;
				GCC_WARN_UNUSED_FUNCTION = YES;
				GCC_WARN_UNUSED_VARIABLE = YES;
				IPHONEOS_DEPLOYMENT_TARGET = 17.2;
				LOCALIZATION_PREFERS_STRING_CATALOGS = YES;
				MTL_ENABLE_DEBUG_INFO = NO;
				MTL_FAST_MATH = YES;
				SDKROOT = iphoneos;
				SWIFT_COMPILATION_MODE = wholemodule;
				VALIDATE_PRODUCT = YES;
			};
			name = Release;
		};
		4B9206E22B840C780004D7EF /* Debug */ = {
			isa = XCBuildConfiguration;
			buildSettings = {
				ASSETCATALOG_COMPILER_APPICON_NAME = AppIcon;
				ASSETCATALOG_COMPILER_GLOBAL_ACCENT_COLOR_NAME = AccentColor;
				CODE_SIGN_STYLE = Automatic;
				CURRENT_PROJECT_VERSION = 1;
				DEVELOPMENT_ASSET_PATHS = "\"swift+FirebaseBootcamp/Preview Content\"";
				DEVELOPMENT_TEAM = B4R97N34U3;
				ENABLE_PREVIEWS = YES;
				GENERATE_INFOPLIST_FILE = YES;
				INFOPLIST_KEY_UIApplicationSceneManifest_Generation = YES;
				INFOPLIST_KEY_UIApplicationSupportsIndirectInputEvents = YES;
				INFOPLIST_KEY_UILaunchScreen_Generation = YES;
				INFOPLIST_KEY_UISupportedInterfaceOrientations_iPad = "UIInterfaceOrientationPortrait UIInterfaceOrientationPortraitUpsideDown UIInterfaceOrientationLandscapeLeft UIInterfaceOrientationLandscapeRight";
				INFOPLIST_KEY_UISupportedInterfaceOrientations_iPhone = "UIInterfaceOrientationPortrait UIInterfaceOrientationLandscapeLeft UIInterfaceOrientationLandscapeRight";
				LD_RUNPATH_SEARCH_PATHS = (
					"$(inherited)",
					"@executable_path/Frameworks",
				);
				MARKETING_VERSION = 1.0;
				PRODUCT_BUNDLE_IDENTIFIER = "XA1.swift-FirebaseBootcamp";
				PRODUCT_NAME = "$(TARGET_NAME)";
				SWIFT_EMIT_LOC_STRINGS = YES;
				SWIFT_VERSION = 5.0;
				TARGETED_DEVICE_FAMILY = "1,2";
			};
			name = Debug;
		};
		4B9206E32B840C780004D7EF /* Release */ = {
			isa = XCBuildConfiguration;
			buildSettings = {
				ASSETCATALOG_COMPILER_APPICON_NAME = AppIcon;
				ASSETCATALOG_COMPILER_GLOBAL_ACCENT_COLOR_NAME = AccentColor;
				CODE_SIGN_STYLE = Automatic;
				CURRENT_PROJECT_VERSION = 1;
				DEVELOPMENT_ASSET_PATHS = "\"swift+FirebaseBootcamp/Preview Content\"";
				DEVELOPMENT_TEAM = B4R97N34U3;
				ENABLE_PREVIEWS = YES;
				GENERATE_INFOPLIST_FILE = YES;
				INFOPLIST_KEY_UIApplicationSceneManifest_Generation = YES;
				INFOPLIST_KEY_UIApplicationSupportsIndirectInputEvents = YES;
				INFOPLIST_KEY_UILaunchScreen_Generation = YES;
				INFOPLIST_KEY_UISupportedInterfaceOrientations_iPad = "UIInterfaceOrientationPortrait UIInterfaceOrientationPortraitUpsideDown UIInterfaceOrientationLandscapeLeft UIInterfaceOrientationLandscapeRight";
				INFOPLIST_KEY_UISupportedInterfaceOrientations_iPhone = "UIInterfaceOrientationPortrait UIInterfaceOrientationLandscapeLeft UIInterfaceOrientationLandscapeRight";
				LD_RUNPATH_SEARCH_PATHS = (
					"$(inherited)",
					"@executable_path/Frameworks",
				);
				MARKETING_VERSION = 1.0;
				PRODUCT_BUNDLE_IDENTIFIER = "XA1.swift-FirebaseBootcamp";
				PRODUCT_NAME = "$(TARGET_NAME)";
				SWIFT_EMIT_LOC_STRINGS = YES;
				SWIFT_VERSION = 5.0;
				TARGETED_DEVICE_FAMILY = "1,2";
			};
			name = Release;
		};
/* End XCBuildConfiguration section */

/* Begin XCConfigurationList section */
		4B9206CE2B840C770004D7EF /* Build configuration list for PBXProject "swift+FirebaseBootcamp" */ = {
			isa = XCConfigurationList;
			buildConfigurations = (
				4B9206DF2B840C780004D7EF /* Debug */,
				4B9206E02B840C780004D7EF /* Release */,
			);
			defaultConfigurationIsVisible = 0;
			defaultConfigurationName = Release;
		};
		4B9206E12B840C780004D7EF /* Build configuration list for PBXNativeTarget "swift+FirebaseBootcamp" */ = {
			isa = XCConfigurationList;
			buildConfigurations = (
				4B9206E22B840C780004D7EF /* Debug */,
				4B9206E32B840C780004D7EF /* Release */,
			);
			defaultConfigurationIsVisible = 0;
			defaultConfigurationName = Release;
		};
/* End XCConfigurationList section */

/* Begin XCRemoteSwiftPackageReference section */
		4B9206E62B8410C00004D7EF /* XCRemoteSwiftPackageReference "firebase-ios-sdk" */ = {
			isa = XCRemoteSwiftPackageReference;
			repositoryURL = "https://github.com/firebase/firebase-ios-sdk";
			requirement = {
				kind = upToNextMajorVersion;
				minimumVersion = 10.21.0;
			};
		};
/* End XCRemoteSwiftPackageReference section */

/* Begin XCSwiftPackageProductDependency section */
		4B9206E72B8410C00004D7EF /* FirebaseAnalytics */ = {
			isa = XCSwiftPackageProductDependency;
			package = 4B9206E62B8410C00004D7EF /* XCRemoteSwiftPackageReference "firebase-ios-sdk" */;
			productName = FirebaseAnalytics;
		};
		4B9206E92B8410C00004D7EF /* FirebaseAnalyticsOnDeviceConversion */ = {
			isa = XCSwiftPackageProductDependency;
			package = 4B9206E62B8410C00004D7EF /* XCRemoteSwiftPackageReference "firebase-ios-sdk" */;
			productName = FirebaseAnalyticsOnDeviceConversion;
		};
		4B9206EB2B8410C00004D7EF /* FirebaseAnalyticsSwift */ = {
			isa = XCSwiftPackageProductDependency;
			package = 4B9206E62B8410C00004D7EF /* XCRemoteSwiftPackageReference "firebase-ios-sdk" */;
			productName = FirebaseAnalyticsSwift;
		};
		4B9206ED2B8410C00004D7EF /* FirebaseAnalyticsWithoutAdIdSupport */ = {
			isa = XCSwiftPackageProductDependency;
			package = 4B9206E62B8410C00004D7EF /* XCRemoteSwiftPackageReference "firebase-ios-sdk" */;
			productName = FirebaseAnalyticsWithoutAdIdSupport;
		};
		4B9206EF2B8410C00004D7EF /* FirebaseAppCheck */ = {
			isa = XCSwiftPackageProductDependency;
			package = 4B9206E62B8410C00004D7EF /* XCRemoteSwiftPackageReference "firebase-ios-sdk" */;
			productName = FirebaseAppCheck;
		};
		4B9206F12B8410C00004D7EF /* FirebaseAppDistribution-Beta */ = {
			isa = XCSwiftPackageProductDependency;
			package = 4B9206E62B8410C00004D7EF /* XCRemoteSwiftPackageReference "firebase-ios-sdk" */;
			productName = "FirebaseAppDistribution-Beta";
		};
		4B9206F32B8410C00004D7EF /* FirebaseAuth */ = {
			isa = XCSwiftPackageProductDependency;
			package = 4B9206E62B8410C00004D7EF /* XCRemoteSwiftPackageReference "firebase-ios-sdk" */;
			productName = FirebaseAuth;
		};
		4B9206F52B8410C00004D7EF /* FirebaseAuthCombine-Community */ = {
			isa = XCSwiftPackageProductDependency;
			package = 4B9206E62B8410C00004D7EF /* XCRemoteSwiftPackageReference "firebase-ios-sdk" */;
			productName = "FirebaseAuthCombine-Community";
		};
		4B9206F72B8410C00004D7EF /* FirebaseCrashlytics */ = {
			isa = XCSwiftPackageProductDependency;
			package = 4B9206E62B8410C00004D7EF /* XCRemoteSwiftPackageReference "firebase-ios-sdk" */;
			productName = FirebaseCrashlytics;
		};
		4B9206F92B8410C00004D7EF /* FirebaseDatabase */ = {
			isa = XCSwiftPackageProductDependency;
			package = 4B9206E62B8410C00004D7EF /* XCRemoteSwiftPackageReference "firebase-ios-sdk" */;
			productName = FirebaseDatabase;
		};
		4B9206FB2B8410C00004D7EF /* FirebaseDatabaseSwift */ = {
			isa = XCSwiftPackageProductDependency;
			package = 4B9206E62B8410C00004D7EF /* XCRemoteSwiftPackageReference "firebase-ios-sdk" */;
			productName = FirebaseDatabaseSwift;
		};
		4B9206FD2B8410C00004D7EF /* FirebaseDynamicLinks */ = {
			isa = XCSwiftPackageProductDependency;
			package = 4B9206E62B8410C00004D7EF /* XCRemoteSwiftPackageReference "firebase-ios-sdk" */;
			productName = FirebaseDynamicLinks;
		};
		4B9206FF2B8410C00004D7EF /* FirebaseFirestore */ = {
			isa = XCSwiftPackageProductDependency;
			package = 4B9206E62B8410C00004D7EF /* XCRemoteSwiftPackageReference "firebase-ios-sdk" */;
			productName = FirebaseFirestore;
		};
		4B9207012B8410C00004D7EF /* FirebaseFirestoreCombine-Community */ = {
			isa = XCSwiftPackageProductDependency;
			package = 4B9206E62B8410C00004D7EF /* XCRemoteSwiftPackageReference "firebase-ios-sdk" */;
			productName = "FirebaseFirestoreCombine-Community";
		};
		4B9207032B8410C00004D7EF /* FirebaseFirestoreSwift */ = {
			isa = XCSwiftPackageProductDependency;
			package = 4B9206E62B8410C00004D7EF /* XCRemoteSwiftPackageReference "firebase-ios-sdk" */;
			productName = FirebaseFirestoreSwift;
		};
		4B9207052B8410C00004D7EF /* FirebaseFunctions */ = {
			isa = XCSwiftPackageProductDependency;
			package = 4B9206E62B8410C00004D7EF /* XCRemoteSwiftPackageReference "firebase-ios-sdk" */;
			productName = FirebaseFunctions;
		};
		4B9207072B8410C00004D7EF /* FirebaseFunctionsCombine-Community */ = {
			isa = XCSwiftPackageProductDependency;
			package = 4B9206E62B8410C00004D7EF /* XCRemoteSwiftPackageReference "firebase-ios-sdk" */;
			productName = "FirebaseFunctionsCombine-Community";
		};
		4B9207092B8410C00004D7EF /* FirebaseInAppMessaging-Beta */ = {
			isa = XCSwiftPackageProductDependency;
			package = 4B9206E62B8410C00004D7EF /* XCRemoteSwiftPackageReference "firebase-ios-sdk" */;
			productName = "FirebaseInAppMessaging-Beta";
		};
		4B92070B2B8410C00004D7EF /* FirebaseInAppMessagingSwift-Beta */ = {
			isa = XCSwiftPackageProductDependency;
			package = 4B9206E62B8410C00004D7EF /* XCRemoteSwiftPackageReference "firebase-ios-sdk" */;
			productName = "FirebaseInAppMessagingSwift-Beta";
		};
		4B92070D2B8410C00004D7EF /* FirebaseInstallations */ = {
			isa = XCSwiftPackageProductDependency;
			package = 4B9206E62B8410C00004D7EF /* XCRemoteSwiftPackageReference "firebase-ios-sdk" */;
			productName = FirebaseInstallations;
		};
		4B92070F2B8410C00004D7EF /* FirebaseMLModelDownloader */ = {
			isa = XCSwiftPackageProductDependency;
			package = 4B9206E62B8410C00004D7EF /* XCRemoteSwiftPackageReference "firebase-ios-sdk" */;
			productName = FirebaseMLModelDownloader;
		};
		4B9207112B8410C00004D7EF /* FirebaseMessaging */ = {
			isa = XCSwiftPackageProductDependency;
			package = 4B9206E62B8410C00004D7EF /* XCRemoteSwiftPackageReference "firebase-ios-sdk" */;
			productName = FirebaseMessaging;
		};
		4B9207132B8410C00004D7EF /* FirebasePerformance */ = {
			isa = XCSwiftPackageProductDependency;
			package = 4B9206E62B8410C00004D7EF /* XCRemoteSwiftPackageReference "firebase-ios-sdk" */;
			productName = FirebasePerformance;
		};
		4B9207152B8410C00004D7EF /* FirebaseRemoteConfig */ = {
			isa = XCSwiftPackageProductDependency;
			package = 4B9206E62B8410C00004D7EF /* XCRemoteSwiftPackageReference "firebase-ios-sdk" */;
			productName = FirebaseRemoteConfig;
		};
		4B9207172B8410C00004D7EF /* FirebaseRemoteConfigSwift */ = {
			isa = XCSwiftPackageProductDependency;
			package = 4B9206E62B8410C00004D7EF /* XCRemoteSwiftPackageReference "firebase-ios-sdk" */;
			productName = FirebaseRemoteConfigSwift;
		};
		4B9207192B8410C00004D7EF /* FirebaseStorage */ = {
			isa = XCSwiftPackageProductDependency;
			package = 4B9206E62B8410C00004D7EF /* XCRemoteSwiftPackageReference "firebase-ios-sdk" */;
			productName = FirebaseStorage;
		};
		4B92071B2B8410C00004D7EF /* FirebaseStorageCombine-Community */ = {
			isa = XCSwiftPackageProductDependency;
			package = 4B9206E62B8410C00004D7EF /* XCRemoteSwiftPackageReference "firebase-ios-sdk" */;
			productName = "FirebaseStorageCombine-Community";
		};
/* End XCSwiftPackageProductDependency section */
	};
	rootObject = 4B9206CB2B840C770004D7EF /* Project object */;
}
