// !$*UTF8*$!
{
	archiveVersion = 1;
	classes = {
	};
	objectVersion = 56;
	objects = {

/* Begin PBXBuildFile section */
		4B02FE232B082991005F8702 /* PopOverBootcamp.swift in Sources */ = {isa = PBXBuildFile; fileRef = 4B02FE222B082991005F8702 /* PopOverBootcamp.swift */; };
		4B02FE272B0834C6005F8702 /* NavigationViewBootcamp.swift in Sources */ = {isa = PBXBuildFile; fileRef = 4B02FE262B0834C6005F8702 /* NavigationViewBootcamp.swift */; };
		4B08310D2B06C7A3006D58FF /* TransitionBootcamp.swift in Sources */ = {isa = PBXBuildFile; fileRef = 4B08310C2B06C7A3006D58FF /* TransitionBootcamp.swift */; };
		4B08310F2B06D191006D58FF /* SheetsBootcamp.swift in Sources */ = {isa = PBXBuildFile; fileRef = 4B08310E2B06D191006D58FF /* SheetsBootcamp.swift */; };
		4B28BF802AE07A3700BAEC22 /* StacksBootcamp.swift in Sources */ = {isa = PBXBuildFile; fileRef = 4B28BF7F2AE07A3700BAEC22 /* StacksBootcamp.swift */; };
		4B28BF822AE0AA8400BAEC22 /* PaddingAndSpacerBootcamp.swift in Sources */ = {isa = PBXBuildFile; fileRef = 4B28BF812AE0AA8400BAEC22 /* PaddingAndSpacerBootcamp.swift */; };
		4B28BF842AE0B04900BAEC22 /* SpacerBootcamp.swift in Sources */ = {isa = PBXBuildFile; fileRef = 4B28BF832AE0B04900BAEC22 /* SpacerBootcamp.swift */; };
		4B4F0E7E2ADF1B2200F5A0EC /* GradientsBootcamp.swift in Sources */ = {isa = PBXBuildFile; fileRef = 4B4F0E7D2ADF1B2200F5A0EC /* GradientsBootcamp.swift */; };
		4B4F0E822ADF26CB00F5A0EC /* IconsBootcamp.swift in Sources */ = {isa = PBXBuildFile; fileRef = 4B4F0E812ADF26CB00F5A0EC /* IconsBootcamp.swift */; };
		4B4F0E852ADF2D1300F5A0EC /* ImageBootcamp.swift in Sources */ = {isa = PBXBuildFile; fileRef = 4B4F0E842ADF2D1300F5A0EC /* ImageBootcamp.swift */; };
		4B4F0E872ADF483C00F5A0EC /* FrameBootcamp.swift in Sources */ = {isa = PBXBuildFile; fileRef = 4B4F0E862ADF483C00F5A0EC /* FrameBootcamp.swift */; };
		4B4F0E892ADF4EF300F5A0EC /* BackgroundAndOverlayBootcamp.swift in Sources */ = {isa = PBXBuildFile; fileRef = 4B4F0E882ADF4EF300F5A0EC /* BackgroundAndOverlayBootcamp.swift */; };
		4B6F79152AE8949F00EA27CA /* ForEachBootcamp.swift in Sources */ = {isa = PBXBuildFile; fileRef = 4B6F79142AE8949F00EA27CA /* ForEachBootcamp.swift */; };
		4B6F79172AE89F6F00EA27CA /* ScrollViewBootcamp.swift in Sources */ = {isa = PBXBuildFile; fileRef = 4B6F79162AE89F6F00EA27CA /* ScrollViewBootcamp.swift */; };
		4B6F79192AE9823600EA27CA /* GridBootcamp.swift in Sources */ = {isa = PBXBuildFile; fileRef = 4B6F79182AE9823600EA27CA /* GridBootcamp.swift */; };
		4B6F791B2AE9B70D00EA27CA /* SafeAreaBootcamp.swift in Sources */ = {isa = PBXBuildFile; fileRef = 4B6F791A2AE9B70D00EA27CA /* SafeAreaBootcamp.swift */; };
		4B6F791D2AE9F1CA00EA27CA /* ButtonsBootcamp.swift in Sources */ = {isa = PBXBuildFile; fileRef = 4B6F791C2AE9F1CA00EA27CA /* ButtonsBootcamp.swift */; };
		4B8ADE832AEBFD4300C10516 /* ExtractedFunction.swift in Sources */ = {isa = PBXBuildFile; fileRef = 4B8ADE822AEBFD4300C10516 /* ExtractedFunction.swift */; };
		4B8ADE852AED5C7900C10516 /* ExtractSubviewsBootcamp.swift in Sources */ = {isa = PBXBuildFile; fileRef = 4B8ADE842AED5C7900C10516 /* ExtractSubviewsBootcamp.swift */; };
		4B8ADE892AED66C600C10516 /* BidingBootcamp.swift in Sources */ = {isa = PBXBuildFile; fileRef = 4B8ADE882AED66C600C10516 /* BidingBootcamp.swift */; };
		4BA85E7D2AEBEFF300FB5305 /* StateBootcamp.swift in Sources */ = {isa = PBXBuildFile; fileRef = 4BA85E7C2AEBEFF300FB5305 /* StateBootcamp.swift */; };
		4BE3ABDC2AF175520061B624 /* TernaryBootcamp.swift in Sources */ = {isa = PBXBuildFile; fileRef = 4BE3ABDB2AF175520061B624 /* TernaryBootcamp.swift */; };
		4BE3ABDF2AF197020061B624 /* AnimationsBootcamp.swift in Sources */ = {isa = PBXBuildFile; fileRef = 4BE3ABDE2AF197020061B624 /* AnimationsBootcamp.swift */; };
		4BE3ABE12AF1A71E0061B624 /* AnimationTimingBootcamp.swift in Sources */ = {isa = PBXBuildFile; fileRef = 4BE3ABE02AF1A71E0061B624 /* AnimationTimingBootcamp.swift */; };
		4BF1DE9E2AE18A76005D858B /* InitializerBootcamp.swift in Sources */ = {isa = PBXBuildFile; fileRef = 4BF1DE9D2AE18A76005D858B /* InitializerBootcamp.swift */; };
		761E74722AD81738007B0179 /* TextBootcamp.swift in Sources */ = {isa = PBXBuildFile; fileRef = 761E74712AD81738007B0179 /* TextBootcamp.swift */; };
		761E74742AD8274E007B0179 /* ShapesBootcamp.swift in Sources */ = {isa = PBXBuildFile; fileRef = 761E74732AD8274E007B0179 /* ShapesBootcamp.swift */; };
		761E74762AD82DE4007B0179 /* ColorsBootcamp.swift in Sources */ = {isa = PBXBuildFile; fileRef = 761E74752AD82DE4007B0179 /* ColorsBootcamp.swift */; };
		7666DA6A2AD5F69C005EE95C /* SwiftfulThinkingBootcampApp.swift in Sources */ = {isa = PBXBuildFile; fileRef = 7666DA692AD5F69C005EE95C /* SwiftfulThinkingBootcampApp.swift */; };
		7666DA6C2AD5F69C005EE95C /* ContentView.swift in Sources */ = {isa = PBXBuildFile; fileRef = 7666DA6B2AD5F69C005EE95C /* ContentView.swift */; };
		7666DA6E2AD5F69C005EE95C /* Assets.xcassets in Resources */ = {isa = PBXBuildFile; fileRef = 7666DA6D2AD5F69C005EE95C /* Assets.xcassets */; };
		7666DA712AD5F69C005EE95C /* Preview Assets.xcassets in Resources */ = {isa = PBXBuildFile; fileRef = 7666DA702AD5F69C005EE95C /* Preview Assets.xcassets */; };
/* End PBXBuildFile section */

/* Begin PBXFileReference section */
		4B02FE222B082991005F8702 /* PopOverBootcamp.swift */ = {isa = PBXFileReference; lastKnownFileType = sourcecode.swift; path = PopOverBootcamp.swift; sourceTree = "<group>"; };
		4B02FE262B0834C6005F8702 /* NavigationViewBootcamp.swift */ = {isa = PBXFileReference; lastKnownFileType = sourcecode.swift; path = NavigationViewBootcamp.swift; sourceTree = "<group>"; };
		4B08310C2B06C7A3006D58FF /* TransitionBootcamp.swift */ = {isa = PBXFileReference; lastKnownFileType = sourcecode.swift; path = TransitionBootcamp.swift; sourceTree = "<group>"; };
		4B08310E2B06D191006D58FF /* SheetsBootcamp.swift */ = {isa = PBXFileReference; lastKnownFileType = sourcecode.swift; path = SheetsBootcamp.swift; sourceTree = "<group>"; };
		4B28BF7F2AE07A3700BAEC22 /* StacksBootcamp.swift */ = {isa = PBXFileReference; lastKnownFileType = sourcecode.swift; path = StacksBootcamp.swift; sourceTree = "<group>"; };
		4B28BF812AE0AA8400BAEC22 /* PaddingAndSpacerBootcamp.swift */ = {isa = PBXFileReference; lastKnownFileType = sourcecode.swift; path = PaddingAndSpacerBootcamp.swift; sourceTree = "<group>"; };
		4B28BF832AE0B04900BAEC22 /* SpacerBootcamp.swift */ = {isa = PBXFileReference; lastKnownFileType = sourcecode.swift; path = SpacerBootcamp.swift; sourceTree = "<group>"; };
		4B4F0E7D2ADF1B2200F5A0EC /* GradientsBootcamp.swift */ = {isa = PBXFileReference; lastKnownFileType = sourcecode.swift; path = GradientsBootcamp.swift; sourceTree = "<group>"; };
		4B4F0E812ADF26CB00F5A0EC /* IconsBootcamp.swift */ = {isa = PBXFileReference; lastKnownFileType = sourcecode.swift; path = IconsBootcamp.swift; sourceTree = "<group>"; };
		4B4F0E842ADF2D1300F5A0EC /* ImageBootcamp.swift */ = {isa = PBXFileReference; lastKnownFileType = sourcecode.swift; path = ImageBootcamp.swift; sourceTree = "<group>"; };
		4B4F0E862ADF483C00F5A0EC /* FrameBootcamp.swift */ = {isa = PBXFileReference; lastKnownFileType = sourcecode.swift; path = FrameBootcamp.swift; sourceTree = "<group>"; };
		4B4F0E882ADF4EF300F5A0EC /* BackgroundAndOverlayBootcamp.swift */ = {isa = PBXFileReference; lastKnownFileType = sourcecode.swift; path = BackgroundAndOverlayBootcamp.swift; sourceTree = "<group>"; };
		4B6F79142AE8949F00EA27CA /* ForEachBootcamp.swift */ = {isa = PBXFileReference; lastKnownFileType = sourcecode.swift; path = ForEachBootcamp.swift; sourceTree = "<group>"; };
		4B6F79162AE89F6F00EA27CA /* ScrollViewBootcamp.swift */ = {isa = PBXFileReference; lastKnownFileType = sourcecode.swift; path = ScrollViewBootcamp.swift; sourceTree = "<group>"; };
		4B6F79182AE9823600EA27CA /* GridBootcamp.swift */ = {isa = PBXFileReference; lastKnownFileType = sourcecode.swift; path = GridBootcamp.swift; sourceTree = "<group>"; };
		4B6F791A2AE9B70D00EA27CA /* SafeAreaBootcamp.swift */ = {isa = PBXFileReference; lastKnownFileType = sourcecode.swift; path = SafeAreaBootcamp.swift; sourceTree = "<group>"; };
		4B6F791C2AE9F1CA00EA27CA /* ButtonsBootcamp.swift */ = {isa = PBXFileReference; lastKnownFileType = sourcecode.swift; path = ButtonsBootcamp.swift; sourceTree = "<group>"; };
		4B8ADE822AEBFD4300C10516 /* ExtractedFunction.swift */ = {isa = PBXFileReference; lastKnownFileType = sourcecode.swift; path = ExtractedFunction.swift; sourceTree = "<group>"; };
		4B8ADE842AED5C7900C10516 /* ExtractSubviewsBootcamp.swift */ = {isa = PBXFileReference; lastKnownFileType = sourcecode.swift; path = ExtractSubviewsBootcamp.swift; sourceTree = "<group>"; };
		4B8ADE882AED66C600C10516 /* BidingBootcamp.swift */ = {isa = PBXFileReference; lastKnownFileType = sourcecode.swift; path = BidingBootcamp.swift; sourceTree = "<group>"; };
		4BA85E7C2AEBEFF300FB5305 /* StateBootcamp.swift */ = {isa = PBXFileReference; lastKnownFileType = sourcecode.swift; path = StateBootcamp.swift; sourceTree = "<group>"; };
		4BE3ABDB2AF175520061B624 /* TernaryBootcamp.swift */ = {isa = PBXFileReference; lastKnownFileType = sourcecode.swift; path = TernaryBootcamp.swift; sourceTree = "<group>"; };
		4BE3ABDE2AF197020061B624 /* AnimationsBootcamp.swift */ = {isa = PBXFileReference; lastKnownFileType = sourcecode.swift; path = AnimationsBootcamp.swift; sourceTree = "<group>"; };
		4BE3ABE02AF1A71E0061B624 /* AnimationTimingBootcamp.swift */ = {isa = PBXFileReference; lastKnownFileType = sourcecode.swift; path = AnimationTimingBootcamp.swift; sourceTree = "<group>"; };
		4BF1DE9D2AE18A76005D858B /* InitializerBootcamp.swift */ = {isa = PBXFileReference; lastKnownFileType = sourcecode.swift; path = InitializerBootcamp.swift; sourceTree = "<group>"; };
		761E74712AD81738007B0179 /* TextBootcamp.swift */ = {isa = PBXFileReference; lastKnownFileType = sourcecode.swift; path = TextBootcamp.swift; sourceTree = "<group>"; };
		761E74732AD8274E007B0179 /* ShapesBootcamp.swift */ = {isa = PBXFileReference; lastKnownFileType = sourcecode.swift; path = ShapesBootcamp.swift; sourceTree = "<group>"; };
		761E74752AD82DE4007B0179 /* ColorsBootcamp.swift */ = {isa = PBXFileReference; lastKnownFileType = sourcecode.swift; path = ColorsBootcamp.swift; sourceTree = "<group>"; };
		7666DA662AD5F69C005EE95C /* SwiftfulThinkingBootcamp.app */ = {isa = PBXFileReference; explicitFileType = wrapper.application; includeInIndex = 0; path = SwiftfulThinkingBootcamp.app; sourceTree = BUILT_PRODUCTS_DIR; };
		7666DA692AD5F69C005EE95C /* SwiftfulThinkingBootcampApp.swift */ = {isa = PBXFileReference; lastKnownFileType = sourcecode.swift; path = SwiftfulThinkingBootcampApp.swift; sourceTree = "<group>"; };
		7666DA6B2AD5F69C005EE95C /* ContentView.swift */ = {isa = PBXFileReference; lastKnownFileType = sourcecode.swift; path = ContentView.swift; sourceTree = "<group>"; };
		7666DA6D2AD5F69C005EE95C /* Assets.xcassets */ = {isa = PBXFileReference; lastKnownFileType = folder.assetcatalog; path = Assets.xcassets; sourceTree = "<group>"; };
		7666DA702AD5F69C005EE95C /* Preview Assets.xcassets */ = {isa = PBXFileReference; lastKnownFileType = folder.assetcatalog; path = "Preview Assets.xcassets"; sourceTree = "<group>"; };
/* End PBXFileReference section */

/* Begin PBXFrameworksBuildPhase section */
		7666DA632AD5F69C005EE95C /* Frameworks */ = {
			isa = PBXFrameworksBuildPhase;
			buildActionMask = 2147483647;
			files = (
			);
			runOnlyForDeploymentPostprocessing = 0;
		};
/* End PBXFrameworksBuildPhase section */

/* Begin PBXGroup section */
		4B02FE242B0833F3005F8702 /* SHEETS */ = {
			isa = PBXGroup;
			children = (
				4B02FE222B082991005F8702 /* PopOverBootcamp.swift */,
				4B08310E2B06D191006D58FF /* SheetsBootcamp.swift */,
			);
			path = SHEETS;
			sourceTree = "<group>";
		};
		4B4F0E832ADF2C1700F5A0EC /* UI */ = {
			isa = PBXGroup;
			children = (
				4B02FE242B0833F3005F8702 /* SHEETS */,
				4BE3ABDD2AF196D20061B624 /* Animations */,
				4B8ADE882AED66C600C10516 /* BidingBootcamp.swift */,
				761E74732AD8274E007B0179 /* ShapesBootcamp.swift */,
				761E74752AD82DE4007B0179 /* ColorsBootcamp.swift */,
				4B4F0E7D2ADF1B2200F5A0EC /* GradientsBootcamp.swift */,
				4B4F0E812ADF26CB00F5A0EC /* IconsBootcamp.swift */,
				761E74712AD81738007B0179 /* TextBootcamp.swift */,
				7666DA6B2AD5F69C005EE95C /* ContentView.swift */,
				4B4F0E842ADF2D1300F5A0EC /* ImageBootcamp.swift */,
				4B6F79162AE89F6F00EA27CA /* ScrollViewBootcamp.swift */,
				4B4F0E862ADF483C00F5A0EC /* FrameBootcamp.swift */,
				4B02FE262B0834C6005F8702 /* NavigationViewBootcamp.swift */,
				4B4F0E882ADF4EF300F5A0EC /* BackgroundAndOverlayBootcamp.swift */,
				4B08310C2B06C7A3006D58FF /* TransitionBootcamp.swift */,
				4B28BF7F2AE07A3700BAEC22 /* StacksBootcamp.swift */,
				4B28BF812AE0AA8400BAEC22 /* PaddingAndSpacerBootcamp.swift */,
				4B28BF832AE0B04900BAEC22 /* SpacerBootcamp.swift */,
				4BF1DE9D2AE18A76005D858B /* InitializerBootcamp.swift */,
				4B6F79142AE8949F00EA27CA /* ForEachBootcamp.swift */,
				4B6F79182AE9823600EA27CA /* GridBootcamp.swift */,
				4B6F791A2AE9B70D00EA27CA /* SafeAreaBootcamp.swift */,
				4B6F791C2AE9F1CA00EA27CA /* ButtonsBootcamp.swift */,
				4BA85E7C2AEBEFF300FB5305 /* StateBootcamp.swift */,
				4B8ADE822AEBFD4300C10516 /* ExtractedFunction.swift */,
				4B8ADE842AED5C7900C10516 /* ExtractSubviewsBootcamp.swift */,
				4BE3ABDB2AF175520061B624 /* TernaryBootcamp.swift */,
			);
			path = UI;
			sourceTree = "<group>";
		};
		4BE3ABDD2AF196D20061B624 /* Animations */ = {
			isa = PBXGroup;
			children = (
				4BE3ABDE2AF197020061B624 /* AnimationsBootcamp.swift */,
				4BE3ABE02AF1A71E0061B624 /* AnimationTimingBootcamp.swift */,
			);
			path = Animations;
			sourceTree = "<group>";
		};
		7666DA5D2AD5F69C005EE95C = {
			isa = PBXGroup;
			children = (
				7666DA682AD5F69C005EE95C /* SwiftfulThinkingBootcamp */,
				7666DA672AD5F69C005EE95C /* Products */,
			);
			sourceTree = "<group>";
		};
		7666DA672AD5F69C005EE95C /* Products */ = {
			isa = PBXGroup;
			children = (
				7666DA662AD5F69C005EE95C /* SwiftfulThinkingBootcamp.app */,
			);
			name = Products;
			sourceTree = "<group>";
		};
		7666DA682AD5F69C005EE95C /* SwiftfulThinkingBootcamp */ = {
			isa = PBXGroup;
			children = (
				7666DA692AD5F69C005EE95C /* SwiftfulThinkingBootcampApp.swift */,
				4B4F0E832ADF2C1700F5A0EC /* UI */,
				7666DA6D2AD5F69C005EE95C /* Assets.xcassets */,
				7666DA6F2AD5F69C005EE95C /* Preview Content */,
			);
			path = SwiftfulThinkingBootcamp;
			sourceTree = "<group>";
		};
		7666DA6F2AD5F69C005EE95C /* Preview Content */ = {
			isa = PBXGroup;
			children = (
				7666DA702AD5F69C005EE95C /* Preview Assets.xcassets */,
			);
			path = "Preview Content";
			sourceTree = "<group>";
		};
/* End PBXGroup section */

/* Begin PBXNativeTarget section */
		7666DA652AD5F69C005EE95C /* SwiftfulThinkingBootcamp */ = {
			isa = PBXNativeTarget;
			buildConfigurationList = 7666DA742AD5F69C005EE95C /* Build configuration list for PBXNativeTarget "SwiftfulThinkingBootcamp" */;
			buildPhases = (
				7666DA622AD5F69C005EE95C /* Sources */,
				7666DA632AD5F69C005EE95C /* Frameworks */,
				7666DA642AD5F69C005EE95C /* Resources */,
			);
			buildRules = (
			);
			dependencies = (
			);
			name = SwiftfulThinkingBootcamp;
			productName = SwiftfulThinkingBootcamp;
			productReference = 7666DA662AD5F69C005EE95C /* SwiftfulThinkingBootcamp.app */;
			productType = "com.apple.product-type.application";
		};
/* End PBXNativeTarget section */

/* Begin PBXProject section */
		7666DA5E2AD5F69C005EE95C /* Project object */ = {
			isa = PBXProject;
			attributes = {
				BuildIndependentTargetsInParallel = 1;
				LastSwiftUpdateCheck = 1500;
				LastUpgradeCheck = 1500;
				TargetAttributes = {
					7666DA652AD5F69C005EE95C = {
						CreatedOnToolsVersion = 15.0;
					};
				};
			};
			buildConfigurationList = 7666DA612AD5F69C005EE95C /* Build configuration list for PBXProject "SwiftfulThinkingBootcamp" */;
			compatibilityVersion = "Xcode 14.0";
			developmentRegion = en;
			hasScannedForEncodings = 0;
			knownRegions = (
				en,
				Base,
			);
			mainGroup = 7666DA5D2AD5F69C005EE95C;
			productRefGroup = 7666DA672AD5F69C005EE95C /* Products */;
			projectDirPath = "";
			projectRoot = "";
			targets = (
				7666DA652AD5F69C005EE95C /* SwiftfulThinkingBootcamp */,
			);
		};
/* End PBXProject section */

/* Begin PBXResourcesBuildPhase section */
		7666DA642AD5F69C005EE95C /* Resources */ = {
			isa = PBXResourcesBuildPhase;
			buildActionMask = 2147483647;
			files = (
				7666DA712AD5F69C005EE95C /* Preview Assets.xcassets in Resources */,
				7666DA6E2AD5F69C005EE95C /* Assets.xcassets in Resources */,
			);
			runOnlyForDeploymentPostprocessing = 0;
		};
/* End PBXResourcesBuildPhase section */

/* Begin PBXSourcesBuildPhase section */
		7666DA622AD5F69C005EE95C /* Sources */ = {
			isa = PBXSourcesBuildPhase;
			buildActionMask = 2147483647;
			files = (
				4B08310D2B06C7A3006D58FF /* TransitionBootcamp.swift in Sources */,
				4BA85E7D2AEBEFF300FB5305 /* StateBootcamp.swift in Sources */,
				4B4F0E7E2ADF1B2200F5A0EC /* GradientsBootcamp.swift in Sources */,
				4B4F0E892ADF4EF300F5A0EC /* BackgroundAndOverlayBootcamp.swift in Sources */,
				4B6F79172AE89F6F00EA27CA /* ScrollViewBootcamp.swift in Sources */,
				4BE3ABDF2AF197020061B624 /* AnimationsBootcamp.swift in Sources */,
				4B28BF822AE0AA8400BAEC22 /* PaddingAndSpacerBootcamp.swift in Sources */,
				761E74762AD82DE4007B0179 /* ColorsBootcamp.swift in Sources */,
				4B08310F2B06D191006D58FF /* SheetsBootcamp.swift in Sources */,
				4B8ADE852AED5C7900C10516 /* ExtractSubviewsBootcamp.swift in Sources */,
				4B4F0E872ADF483C00F5A0EC /* FrameBootcamp.swift in Sources */,
				4BF1DE9E2AE18A76005D858B /* InitializerBootcamp.swift in Sources */,
				761E74742AD8274E007B0179 /* ShapesBootcamp.swift in Sources */,
				4B6F791D2AE9F1CA00EA27CA /* ButtonsBootcamp.swift in Sources */,
				4B6F791B2AE9B70D00EA27CA /* SafeAreaBootcamp.swift in Sources */,
				7666DA6C2AD5F69C005EE95C /* ContentView.swift in Sources */,
				4B8ADE892AED66C600C10516 /* BidingBootcamp.swift in Sources */,
				4B8ADE832AEBFD4300C10516 /* ExtractedFunction.swift in Sources */,
				4B6F79152AE8949F00EA27CA /* ForEachBootcamp.swift in Sources */,
				4BE3ABE12AF1A71E0061B624 /* AnimationTimingBootcamp.swift in Sources */,
				761E74722AD81738007B0179 /* TextBootcamp.swift in Sources */,
				7666DA6A2AD5F69C005EE95C /* SwiftfulThinkingBootcampApp.swift in Sources */,
				4BE3ABDC2AF175520061B624 /* TernaryBootcamp.swift in Sources */,
				4B02FE272B0834C6005F8702 /* NavigationViewBootcamp.swift in Sources */,
				4B02FE232B082991005F8702 /* PopOverBootcamp.swift in Sources */,
				4B28BF802AE07A3700BAEC22 /* StacksBootcamp.swift in Sources */,
				4B28BF842AE0B04900BAEC22 /* SpacerBootcamp.swift in Sources */,
				4B6F79192AE9823600EA27CA /* GridBootcamp.swift in Sources */,
				4B4F0E852ADF2D1300F5A0EC /* ImageBootcamp.swift in Sources */,
				4B4F0E822ADF26CB00F5A0EC /* IconsBootcamp.swift in Sources */,
			);
			runOnlyForDeploymentPostprocessing = 0;
		};
/* End PBXSourcesBuildPhase section */

/* Begin XCBuildConfiguration section */
		7666DA722AD5F69C005EE95C /* Debug */ = {
			isa = XCBuildConfiguration;
			buildSettings = {
				ALWAYS_SEARCH_USER_PATHS = NO;
				ASSETCATALOG_COMPILER_GENERATE_SWIFT_ASSET_SYMBOL_EXTENSIONS = YES;
				CLANG_ANALYZER_NONNULL = YES;
				CLANG_ANALYZER_NUMBER_OBJECT_CONVERSION = YES_AGGRESSIVE;
				CLANG_CXX_LANGUAGE_STANDARD = "gnu++20";
				CLANG_ENABLE_MODULES = YES;
				CLANG_ENABLE_OBJC_ARC = YES;
				CLANG_ENABLE_OBJC_WEAK = YES;
				CLANG_WARN_BLOCK_CAPTURE_AUTORELEASING = YES;
				CLANG_WARN_BOOL_CONVERSION = YES;
				CLANG_WARN_COMMA = YES;
				CLANG_WARN_CONSTANT_CONVERSION = YES;
				CLANG_WARN_DEPRECATED_OBJC_IMPLEMENTATIONS = YES;
				CLANG_WARN_DIRECT_OBJC_ISA_USAGE = YES_ERROR;
				CLANG_WARN_DOCUMENTATION_COMMENTS = YES;
				CLANG_WARN_EMPTY_BODY = YES;
				CLANG_WARN_ENUM_CONVERSION = YES;
				CLANG_WARN_INFINITE_RECURSION = YES;
				CLANG_WARN_INT_CONVERSION = YES;
				CLANG_WARN_NON_LITERAL_NULL_CONVERSION = YES;
				CLANG_WARN_OBJC_IMPLICIT_RETAIN_SELF = YES;
				CLANG_WARN_OBJC_LITERAL_CONVERSION = YES;
				CLANG_WARN_OBJC_ROOT_CLASS = YES_ERROR;
				CLANG_WARN_QUOTED_INCLUDE_IN_FRAMEWORK_HEADER = YES;
				CLANG_WARN_RANGE_LOOP_ANALYSIS = YES;
				CLANG_WARN_STRICT_PROTOTYPES = YES;
				CLANG_WARN_SUSPICIOUS_MOVE = YES;
				CLANG_WARN_UNGUARDED_AVAILABILITY = YES_AGGRESSIVE;
				CLANG_WARN_UNREACHABLE_CODE = YES;
				CLANG_WARN__DUPLICATE_METHOD_MATCH = YES;
				COPY_PHASE_STRIP = NO;
				DEBUG_INFORMATION_FORMAT = dwarf;
				ENABLE_STRICT_OBJC_MSGSEND = YES;
				ENABLE_TESTABILITY = YES;
				ENABLE_USER_SCRIPT_SANDBOXING = YES;
				GCC_C_LANGUAGE_STANDARD = gnu17;
				GCC_DYNAMIC_NO_PIC = NO;
				GCC_NO_COMMON_BLOCKS = YES;
				GCC_OPTIMIZATION_LEVEL = 0;
				GCC_PREPROCESSOR_DEFINITIONS = (
					"DEBUG=1",
					"$(inherited)",
				);
				GCC_WARN_64_TO_32_BIT_CONVERSION = YES;
				GCC_WARN_ABOUT_RETURN_TYPE = YES_ERROR;
				GCC_WARN_UNDECLARED_SELECTOR = YES;
				GCC_WARN_UNINITIALIZED_AUTOS = YES_AGGRESSIVE;
				GCC_WARN_UNUSED_FUNCTION = YES;
				GCC_WARN_UNUSED_VARIABLE = YES;
				IPHONEOS_DEPLOYMENT_TARGET = 17.0;
				LOCALIZATION_PREFERS_STRING_CATALOGS = YES;
				MTL_ENABLE_DEBUG_INFO = INCLUDE_SOURCE;
				MTL_FAST_MATH = YES;
				ONLY_ACTIVE_ARCH = YES;
				SDKROOT = iphoneos;
				SWIFT_ACTIVE_COMPILATION_CONDITIONS = "DEBUG $(inherited)";
				SWIFT_OPTIMIZATION_LEVEL = "-Onone";
			};
			name = Debug;
		};
		7666DA732AD5F69C005EE95C /* Release */ = {
			isa = XCBuildConfiguration;
			buildSettings = {
				ALWAYS_SEARCH_USER_PATHS = NO;
				ASSETCATALOG_COMPILER_GENERATE_SWIFT_ASSET_SYMBOL_EXTENSIONS = YES;
				CLANG_ANALYZER_NONNULL = YES;
				CLANG_ANALYZER_NUMBER_OBJECT_CONVERSION = YES_AGGRESSIVE;
				CLANG_CXX_LANGUAGE_STANDARD = "gnu++20";
				CLANG_ENABLE_MODULES = YES;
				CLANG_ENABLE_OBJC_ARC = YES;
				CLANG_ENABLE_OBJC_WEAK = YES;
				CLANG_WARN_BLOCK_CAPTURE_AUTORELEASING = YES;
				CLANG_WARN_BOOL_CONVERSION = YES;
				CLANG_WARN_COMMA = YES;
				CLANG_WARN_CONSTANT_CONVERSION = YES;
				CLANG_WARN_DEPRECATED_OBJC_IMPLEMENTATIONS = YES;
				CLANG_WARN_DIRECT_OBJC_ISA_USAGE = YES_ERROR;
				CLANG_WARN_DOCUMENTATION_COMMENTS = YES;
				CLANG_WARN_EMPTY_BODY = YES;
				CLANG_WARN_ENUM_CONVERSION = YES;
				CLANG_WARN_INFINITE_RECURSION = YES;
				CLANG_WARN_INT_CONVERSION = YES;
				CLANG_WARN_NON_LITERAL_NULL_CONVERSION = YES;
				CLANG_WARN_OBJC_IMPLICIT_RETAIN_SELF = YES;
				CLANG_WARN_OBJC_LITERAL_CONVERSION = YES;
				CLANG_WARN_OBJC_ROOT_CLASS = YES_ERROR;
				CLANG_WARN_QUOTED_INCLUDE_IN_FRAMEWORK_HEADER = YES;
				CLANG_WARN_RANGE_LOOP_ANALYSIS = YES;
				CLANG_WARN_STRICT_PROTOTYPES = YES;
				CLANG_WARN_SUSPICIOUS_MOVE = YES;
				CLANG_WARN_UNGUARDED_AVAILABILITY = YES_AGGRESSIVE;
				CLANG_WARN_UNREACHABLE_CODE = YES;
				CLANG_WARN__DUPLICATE_METHOD_MATCH = YES;
				COPY_PHASE_STRIP = NO;
				DEBUG_INFORMATION_FORMAT = "dwarf-with-dsym";
				ENABLE_NS_ASSERTIONS = NO;
				ENABLE_STRICT_OBJC_MSGSEND = YES;
				ENABLE_USER_SCRIPT_SANDBOXING = YES;
				GCC_C_LANGUAGE_STANDARD = gnu17;
				GCC_NO_COMMON_BLOCKS = YES;
				GCC_WARN_64_TO_32_BIT_CONVERSION = YES;
				GCC_WARN_ABOUT_RETURN_TYPE = YES_ERROR;
				GCC_WARN_UNDECLARED_SELECTOR = YES;
				GCC_WARN_UNINITIALIZED_AUTOS = YES_AGGRESSIVE;
				GCC_WARN_UNUSED_FUNCTION = YES;
				GCC_WARN_UNUSED_VARIABLE = YES;
				IPHONEOS_DEPLOYMENT_TARGET = 17.0;
				LOCALIZATION_PREFERS_STRING_CATALOGS = YES;
				MTL_ENABLE_DEBUG_INFO = NO;
				MTL_FAST_MATH = YES;
				SDKROOT = iphoneos;
				SWIFT_COMPILATION_MODE = wholemodule;
				VALIDATE_PRODUCT = YES;
			};
			name = Release;
		};
		7666DA752AD5F69C005EE95C /* Debug */ = {
			isa = XCBuildConfiguration;
			buildSettings = {
				ASSETCATALOG_COMPILER_APPICON_NAME = AppIcon;
				ASSETCATALOG_COMPILER_GLOBAL_ACCENT_COLOR_NAME = AccentColor;
				CODE_SIGN_STYLE = Automatic;
				CURRENT_PROJECT_VERSION = 1;
				DEVELOPMENT_ASSET_PATHS = "\"SwiftfulThinkingBootcamp/Preview Content\"";
				DEVELOPMENT_TEAM = B4R97N34U3;
				ENABLE_PREVIEWS = YES;
				GENERATE_INFOPLIST_FILE = YES;
				INFOPLIST_KEY_CFBundleDisplayName = "Boot camp";
				INFOPLIST_KEY_UIApplicationSceneManifest_Generation = YES;
				INFOPLIST_KEY_UIApplicationSupportsIndirectInputEvents = YES;
				INFOPLIST_KEY_UILaunchScreen_Generation = YES;
				INFOPLIST_KEY_UISupportedInterfaceOrientations_iPad = "UIInterfaceOrientationPortrait UIInterfaceOrientationPortraitUpsideDown UIInterfaceOrientationLandscapeLeft UIInterfaceOrientationLandscapeRight";
				INFOPLIST_KEY_UISupportedInterfaceOrientations_iPhone = "UIInterfaceOrientationPortrait UIInterfaceOrientationLandscapeLeft UIInterfaceOrientationLandscapeRight";
				IPHONEOS_DEPLOYMENT_TARGET = 17.0;
				LD_RUNPATH_SEARCH_PATHS = (
					"$(inherited)",
					"@executable_path/Frameworks",
				);
				MARKETING_VERSION = 1.0;
				PRODUCT_BUNDLE_IDENTIFIER = com.a1Loudness.SwiftfulThinkingBootcamp;
				PRODUCT_NAME = "$(TARGET_NAME)";
				SUPPORTED_PLATFORMS = "iphoneos iphonesimulator";
				SUPPORTS_MACCATALYST = NO;
				SUPPORTS_MAC_DESIGNED_FOR_IPHONE_IPAD = NO;
				SWIFT_EMIT_LOC_STRINGS = YES;
				SWIFT_VERSION = 5.0;
				TARGETED_DEVICE_FAMILY = 1;
			};
			name = Debug;
		};
		7666DA762AD5F69C005EE95C /* Release */ = {
			isa = XCBuildConfiguration;
			buildSettings = {
				ASSETCATALOG_COMPILER_APPICON_NAME = AppIcon;
				ASSETCATALOG_COMPILER_GLOBAL_ACCENT_COLOR_NAME = AccentColor;
				CODE_SIGN_STYLE = Automatic;
				CURRENT_PROJECT_VERSION = 1;
				DEVELOPMENT_ASSET_PATHS = "\"SwiftfulThinkingBootcamp/Preview Content\"";
				DEVELOPMENT_TEAM = B4R97N34U3;
				ENABLE_PREVIEWS = YES;
				GENERATE_INFOPLIST_FILE = YES;
				INFOPLIST_KEY_CFBundleDisplayName = "Boot camp";
				INFOPLIST_KEY_UIApplicationSceneManifest_Generation = YES;
				INFOPLIST_KEY_UIApplicationSupportsIndirectInputEvents = YES;
				INFOPLIST_KEY_UILaunchScreen_Generation = YES;
				INFOPLIST_KEY_UISupportedInterfaceOrientations_iPad = "UIInterfaceOrientationPortrait UIInterfaceOrientationPortraitUpsideDown UIInterfaceOrientationLandscapeLeft UIInterfaceOrientationLandscapeRight";
				INFOPLIST_KEY_UISupportedInterfaceOrientations_iPhone = "UIInterfaceOrientationPortrait UIInterfaceOrientationLandscapeLeft UIInterfaceOrientationLandscapeRight";
				IPHONEOS_DEPLOYMENT_TARGET = 17.0;
				LD_RUNPATH_SEARCH_PATHS = (
					"$(inherited)",
					"@executable_path/Frameworks",
				);
				MARKETING_VERSION = 1.0;
				PRODUCT_BUNDLE_IDENTIFIER = com.a1Loudness.SwiftfulThinkingBootcamp;
				PRODUCT_NAME = "$(TARGET_NAME)";
				SUPPORTED_PLATFORMS = "iphoneos iphonesimulator";
				SUPPORTS_MACCATALYST = NO;
				SUPPORTS_MAC_DESIGNED_FOR_IPHONE_IPAD = NO;
				SWIFT_EMIT_LOC_STRINGS = YES;
				SWIFT_VERSION = 5.0;
				TARGETED_DEVICE_FAMILY = 1;
			};
			name = Release;
		};
/* End XCBuildConfiguration section */

/* Begin XCConfigurationList section */
		7666DA612AD5F69C005EE95C /* Build configuration list for PBXProject "SwiftfulThinkingBootcamp" */ = {
			isa = XCConfigurationList;
			buildConfigurations = (
				7666DA722AD5F69C005EE95C /* Debug */,
				7666DA732AD5F69C005EE95C /* Release */,
			);
			defaultConfigurationIsVisible = 0;
			defaultConfigurationName = Release;
		};
		7666DA742AD5F69C005EE95C /* Build configuration list for PBXNativeTarget "SwiftfulThinkingBootcamp" */ = {
			isa = XCConfigurationList;
			buildConfigurations = (
				7666DA752AD5F69C005EE95C /* Debug */,
				7666DA762AD5F69C005EE95C /* Release */,
			);
			defaultConfigurationIsVisible = 0;
			defaultConfigurationName = Release;
		};
/* End XCConfigurationList section */
	};
	rootObject = 7666DA5E2AD5F69C005EE95C /* Project object */;
}
